
Microsoft Visual Studio Solution File, Format Version 12.00
# Visual Studio Version 16
VisualStudioVersion = 16.0.29613.14
MinimumVisualStudioVersion = 10.0.40219.1
Project("{F184B08F-C81C-45F6-A57F-5ABD9991F28F}") = "F7FTaigacat", "F7FTaigacat\F7FTaigacat.vbproj", "{FCD8BEEA-3CDE-4EA3-9A0E-6505C7B51487}"
EndProject
Global
	GlobalSection(SolutionConfigurationPlatforms) = preSolution
		Debug|Any CPU = Debug|Any CPU
		Release|Any CPU = Release|Any CPU
	EndGlobalSection
	GlobalSection(ProjectConfigurationPlatforms) = postSolution
		{FCD8BEEA-3CDE-4EA3-9A0E-6505C7B51487}.Debug|Any CPU.ActiveCfg = Debug|Any CPU
		{FCD8BEEA-3CDE-4EA3-9A0E-6505C7B51487}.Debug|Any CPU.Build.0 = Debug|Any CPU
		{FCD8BEEA-3CDE-4EA3-9A0E-6505C7B51487}.Release|Any CPU.ActiveCfg = Release|Any CPU
		{FCD8BEEA-3CDE-4EA3-9A0E-6505C7B51487}.Release|Any CPU.Build.0 = Release|Any CPU
	EndGlobalSection
	GlobalSection(SolutionProperties) = preSolution
		HideSolutionNode = FALSE
	EndGlobalSection
	GlobalSection(ExtensibilityGlobals) = postSolution
		SolutionGuid = {C9D45762-9D81-4B52-9751-572C5EB56952}
	EndGlobalSection
EndGlobal
